
Microsoft Visual Studio Solution File, Format Version 12.00
# Visual Studio Version 16
VisualStudioVersion = 16.0.31112.23
MinimumVisualStudioVersion = 10.0.40219.1
Project("{FAE04EC0-301F-11D3-BF4B-00C04F79EFBC}") = "UniformsAPI", "UniformsAPI\UniformsAPI.csproj", "{0276C3FC-A18B-4F2D-9865-E185A8B41328}"
EndProject
Project("{FAE04EC0-301F-11D3-BF4B-00C04F79EFBC}") = "UniformsAPI.Domain", "UniformsAPI.Domain\UniformsAPI.Domain.csproj", "{B60BC83A-0AC2-4DCD-8493-30E2EFDAD6B1}"
EndProject
Project("{FAE04EC0-301F-11D3-BF4B-00C04F79EFBC}") = "UniformsAPI.Common", "UniformsAPI.Common\UniformsAPI.Common.csproj", "{9379E87F-B7A6-4180-AB67-6FF568F1A212}"
EndProject
Global
	GlobalSection(SolutionConfigurationPlatforms) = preSolution
		Debug|Any CPU = Debug|Any CPU
		Release|Any CPU = Release|Any CPU
	EndGlobalSection
	GlobalSection(ProjectConfigurationPlatforms) = postSolution
		{0276C3FC-A18B-4F2D-9865-E185A8B41328}.Debug|Any CPU.ActiveCfg = Debug|Any CPU
		{0276C3FC-A18B-4F2D-9865-E185A8B41328}.Debug|Any CPU.Build.0 = Debug|Any CPU
		{0276C3FC-A18B-4F2D-9865-E185A8B41328}.Release|Any CPU.ActiveCfg = Release|Any CPU
		{0276C3FC-A18B-4F2D-9865-E185A8B41328}.Release|Any CPU.Build.0 = Release|Any CPU
		{B60BC83A-0AC2-4DCD-8493-30E2EFDAD6B1}.Debug|Any CPU.ActiveCfg = Debug|Any CPU
		{B60BC83A-0AC2-4DCD-8493-30E2EFDAD6B1}.Debug|Any CPU.Build.0 = Debug|Any CPU
		{B60BC83A-0AC2-4DCD-8493-30E2EFDAD6B1}.Release|Any CPU.ActiveCfg = Release|Any CPU
		{B60BC83A-0AC2-4DCD-8493-30E2EFDAD6B1}.Release|Any CPU.Build.0 = Release|Any CPU
		{9379E87F-B7A6-4180-AB67-6FF568F1A212}.Debug|Any CPU.ActiveCfg = Debug|Any CPU
		{9379E87F-B7A6-4180-AB67-6FF568F1A212}.Debug|Any CPU.Build.0 = Debug|Any CPU
		{9379E87F-B7A6-4180-AB67-6FF568F1A212}.Release|Any CPU.ActiveCfg = Release|Any CPU
		{9379E87F-B7A6-4180-AB67-6FF568F1A212}.Release|Any CPU.Build.0 = Release|Any CPU
	EndGlobalSection
	GlobalSection(SolutionProperties) = preSolution
		HideSolutionNode = FALSE
	EndGlobalSection
	GlobalSection(ExtensibilityGlobals) = postSolution
		SolutionGuid = {60E85A43-C187-4A40-8863-B4C95B303835}
	EndGlobalSection
EndGlobal
